<?xml version="1.0" encoding="UTF-8" standalone="yes" ?>
<CodeBlocks_project_file>
	<FileVersion major="1" minor="6" />
	<Project>
		<Option title="Adventure of Me" />
		<Option pch_mode="2" />
		<Option compiler="gcc" />
		<Option extended_obj_names="1" />
		<Build>
			<Target title="Debug">
				<Option output="bin/Debug/Adventure of Me" prefix_auto="1" extension_auto="1" />
				<Option object_output="obj/Debug/" />
				<Option type="1" />
				<Option compiler="gcc" />
				<Compiler>
					<Add option="-g" />
					<Add directory="../../Library/SDL2-2.0.20/x86_64-w64-mingw32/include" />
					<Add directory="../../Library/SDL2_image-2.0.5/x86_64-w64-mingw32/include" />
					<Add directory="../../Library/SDL2_mixer-2.0.4/x86_64-w64-mingw32/include" />
					<Add directory="../../Library/SDL2_ttf-2.0.14/x86_64-w64-mingw32/include" />
				</Compiler>
				<Linker>
					<Add option="-lmingw32 -lSDL2main -lSDL2" />
					<Add option="-lSDL2_ttf" />
					<Add option="-lSDL2_image" />
					<Add option="-lSDL2_mixer" />
					<Add directory="../../Library/SDL2-2.0.20/x86_64-w64-mingw32/lib" />
					<Add directory="../../Library/SDL2_image-2.0.5/x86_64-w64-mingw32/lib" />
					<Add directory="../../Library/SDL2_mixer-2.0.4/x86_64-w64-mingw32/lib" />
					<Add directory="../../Library/SDL2_ttf-2.0.14/x86_64-w64-mingw32/lib" />
				</Linker>
			</Target>
			<Target title="Release">
				<Option output="bin/Release/King Of Jump 1" prefix_auto="1" extension_auto="1" />
				<Option object_output="obj/Release/" />
				<Option type="1" />
				<Option compiler="gcc" />
				<Compiler>
					<Add option="-O2" />
				</Compiler>
				<Linker>
					<Add option="-s" />
				</Linker>
			</Target>
		</Build>
		<Compiler>
			<Add option="-Wall" />
		</Compiler>
		<Unit filename="Base.cpp" />
		<Unit filename="Base.h" />
		<Unit filename="FPS.cpp" />
		<Unit filename="FPS.h" />
		<Unit filename="GeneralData.cpp" />
		<Unit filename="GeneralData.h" />
		<Unit filename="Geometric.cpp" />
		<Unit filename="Geometric.h" />
		<Unit filename="Main.cpp" />
		<Unit filename="Monster_boss.cpp" />
		<Unit filename="Monster_boss.h" />
		<Unit filename="Text_obj.cpp" />
		<Unit filename="Text_obj.h" />
		<Unit filename="attack_effect.cpp" />
		<Unit filename="attack_effect.h">
			<Option target="Debug" />
		</Unit>
		<Unit filename="explosion_obj.cpp" />
		<Unit filename="explosion_obj.h" />
		<Unit filename="game_map.cpp" />
		<Unit filename="game_map.h" />
		<Unit filename="main_obj.cpp" />
		<Unit filename="main_obj.h" />
		<Unit filename="main_obj_animation.cpp" />
		<Unit filename="main_obj_loadimg.cpp" />
		<Unit filename="monster_obj.cpp" />
		<Unit filename="monster_obj.h">
			<Option target="Debug" />
		</Unit>
		<Unit filename="tab_game.cpp" />
		<Unit filename="tab_game.h" />
		<Extensions>
			<lib_finder disable_auto="1" />
		</Extensions>
	</Project>
</CodeBlocks_project_file>
